# This file is autogenerated, do not edit; changes may be undone by the next 'dep ensure'.


[[projects]]
  digest = "1:9f3b30d9f8e0d7040f729b82dcbc8f0dead820a133b3147ce355fc451f32d761"
  name = "github.com/BurntSushi/toml"
  packages = ["."]
  pruneopts = "UT"
  revision = "3012a1dbe2e4bd1391d42b32f0577cb7bbc7f005"
  version = "v0.3.1"

[[projects]]
  digest = "1:96dc6502d8879e1ad595dcfd6b5f96e223727545c8f23df926fcd7369fbd301d"
  name = "github.com/TheZeroSlave/zapsentry"
  packages = ["."]
  pruneopts = "UT"
  revision = "1c396b683080e695f49a24730aad630413e8e7ed"
  version = "v1.3.0"

[[projects]]
  digest = "1:d6afaeed1502aa28e80a4ed0981d570ad91b2579193404256ce672ed0a609e0d"
  name = "github.com/beorn7/perks"
  packages = ["quantile"]
  pruneopts = "UT"
  revision = "37c8de3658fcb183f997c4e13e8337516ab753e6"
  version = "v1.0.1"

[[projects]]
  digest = "1:2de50460dd6b7b36cb01f2d74f7e1c156b8adbf94f87762dbcb32e537e064246"
  name = "github.com/caarlos0/env"
  packages = ["."]
  pruneopts = "UT"
  revision = "b1dce163743c66634eeef5988da14b031b1aa8f6"
  version = "v6.1.0"

[[projects]]
  digest = "1:b498b36dbb2b306d1c5205ee5236c9e60352be8f9eea9bf08186723a9f75b4f3"
  name = "github.com/emirpasic/gods"
  packages = [
    "containers",
    "lists",
    "lists/arraylist",
    "trees",
    "trees/binaryheap",
    "utils",
  ]
  pruneopts = "UT"
  revision = "1615341f118ae12f353cc8a983f35b584342c9b3"
  version = "v1.12.0"

[[projects]]
  branch = "master"
  digest = "1:4df5a509b0a985002aff52801a14dd734ab2955f70d603edfe34562dc10383e6"
  name = "github.com/gammazero/deque"
  packages = ["."]
  pruneopts = "UT"
  revision = "7e84b94275b818a3739f973323757da1e5f9d5a7"

[[projects]]
  branch = "master"
  digest = "1:4f3b573cd80417a0c3b623a9649df70ed760494928c344c22495716cda339581"
  name = "github.com/gammazero/workerpool"
  packages = ["."]
  pruneopts = "UT"
  revision = "019d125201abcf1a535142d07591da5c4be74bd6"

[[projects]]
  digest = "1:9fde49eaa3ee34e80f2ce31bd3ed0695ec048321dfe02c60a46c22e5b8e3968e"
  name = "github.com/getsentry/sentry-go"
  packages = ["."]
  pruneopts = "UT"
  revision = "93b68f59e483f3eede43c3212220a9f6689f8812"
  version = "v0.5.1"

[[projects]]
  digest = "1:0a2260bcfa15237979ef496f03fb6af215c247ad998881a4d039992228876ae3"
  name = "github.com/go-pg/pg"
  packages = [
    ".",
    "internal",
    "internal/parser",
    "internal/pool",
    "orm",
    "types",
  ]
  pruneopts = "UT"
  revision = "ae5d5e7df4b2e598390e10b66b849c6af94f092b"
  version = "v6.15.1"

[[projects]]
  digest = "1:e20a9d6598878d629e04541d96076bf232c1ee36f6b267c4a5dae7779f15c36a"
  name = "github.com/gogo/protobuf"
  packages = [
    "gogoproto",
    "proto",
    "protoc-gen-gogo/descriptor",
  ]
  pruneopts = "UT"
  revision = "5628607bb4c51c3157aacc3a50f0ab707582b805"
  version = "v1.3.1"

[[projects]]
  digest = "1:4a32eb57407190eced21a21abee9ce4d4ab6f0bf113ca61cb1cb2d549a65c985"
  name = "github.com/golang/protobuf"
  packages = [
    "proto",
    "ptypes",
    "ptypes/any",
    "ptypes/duration",
    "ptypes/timestamp",
  ]
  pruneopts = "UT"
  revision = "d04d7b157bb510b1e0c10132224b616ac0e26b17"
  version = "v1.4.2"

[[projects]]
  digest = "1:6f1e965aa0368edc7f9c11e0192a8b880055d6719e4a569821c0da1701f3a58c"
  name = "github.com/google/wire"
  packages = ["."]
  pruneopts = "UT"
  revision = "578b29ef42c1970b9853962dd1c4308fd7eb5387"
  version = "v0.4.0"

[[projects]]
  digest = "1:b117faf01abdbdadd7b8ceeae74cd1369c1b073fef41aee8b674c9d704a54c16"
  name = "github.com/gorilla/handlers"
  packages = ["."]
  pruneopts = "UT"
  revision = "8a3748addc242fc560bd6d4ff28b0374c010b1b4"
  version = "v1.4.2"

[[projects]]
  digest = "1:25ebe6496abb289ef977c081b2d49f56dd97c32db4ca083d37f95923909ced02"
  name = "github.com/gorilla/mux"
  packages = ["."]
  pruneopts = "UT"
  revision = "75dcda0896e109a2a22c9315bca3bb21b87b2ba5"
  version = "v1.7.4"

[[projects]]
  branch = "master"
  digest = "1:62fe3a7ea2050ecbd753a71889026f83d73329337ada66325cbafd5dea5f713d"
  name = "github.com/jbenet/go-context"
  packages = ["io"]
  pruneopts = "UT"
  revision = "d14ea06fba99483203c19d92cfcd13ebe73135f4"

[[projects]]
  digest = "1:01ed62f8f4f574d8aff1d88caee113700a2b44c42351943fa73cc1808f736a50"
  name = "github.com/jinzhu/inflection"
  packages = ["."]
  pruneopts = "UT"
  revision = "f5c5f50e6090ae76a29240b61ae2a90dd810112e"
  version = "v1.0.0"

[[projects]]
  digest = "1:fd7f169f32c221b096c74e756bda16fe22d3bb448bbf74042fd0700407a1f92f"
  name = "github.com/kevinburke/ssh_config"
  packages = ["."]
  pruneopts = "UT"
  revision = "6cfae18c12b8934b1afba3ce8159476fdef666ba"
  version = "1.0"

[[projects]]
  digest = "1:ff5ebae34cfbf047d505ee150de27e60570e8c394b3b8fdbb720ff6ac71985fc"
  name = "github.com/matttproud/golang_protobuf_extensions"
  packages = ["pbutil"]
  pruneopts = "UT"
  revision = "c12348ce28de40eed0136aa2b644d0ee0650e56c"
  version = "v1.0.1"

[[projects]]
  digest = "1:5d231480e1c64a726869bc4142d270184c419749d34f167646baa21008eb0a79"
  name = "github.com/mitchellh/go-homedir"
  packages = ["."]
  pruneopts = "UT"
  revision = "af06845cf3004701891bf4fdb884bfe4920b3727"
  version = "v1.1.0"

[[projects]]
  digest = "1:9b8ee267e79a1730cde2e326cc53035913fce52ceef48142c24f3a15e3c65cb3"
  name = "github.com/nats-io/jwt"
  packages = ["."]
  pruneopts = "UT"
  revision = "0c3fc7aed8bb2534e7bfdf0968a75890402d48cd"
  version = "v0.3.2"

[[projects]]
  digest = "1:fabb58b7de2951b05fbe8e1f7c98e449f650883ac15763aeb54ab9afe7be20de"
  name = "github.com/nats-io/nats.go"
  packages = [
    ".",
    "encoders/builtin",
    "util",
  ]
  pruneopts = "UT"
  revision = "6063d679d23ae5b3edb4030d5e89a6e30ea53bc6"
  version = "v1.9.1"

[[projects]]
  digest = "1:229998a2544a3cc03959600ac0869eb2e0b6c2ec7a8999ff8dd98e5aa6d35d62"
  name = "github.com/nats-io/nkeys"
  packages = ["."]
  pruneopts = "UT"
  revision = "f1930e19b436412202ab130a733187cc6f40ba7e"
  version = "v0.1.3"

[[projects]]
  digest = "1:599f3202ce0a754144ddc4be4c6df9c6ab27b1d722a63ede6b2e0c3a2cc338a8"
  name = "github.com/nats-io/nuid"
  packages = ["."]
  pruneopts = "UT"
  revision = "4b96681fa6d28dd0ab5fe79bac63b3a493d9ee94"
  version = "v1.0.1"

[[projects]]
  digest = "1:4786072b7c95cdcd722a53dfc10263fbede3663ba703023c5a111b5b9eef5331"
  name = "github.com/nats-io/stan"
  packages = ["."]
  pruneopts = "UT"
  revision = "c223adc9d9a923121774140cdd5bcc3383aa0c84"
  version = "v0.5.2"

[[projects]]
  digest = "1:e75dfd01c89e4542e2cbb18935df0546977e742cecab802cc3b636485f57d797"
  name = "github.com/nats-io/stan.go"
  packages = ["pb"]
  pruneopts = "UT"
  revision = "e2d4c025a5eea41d9566dc8e978c7ee697470b64"
  version = "v0.6.0"

[[projects]]
  digest = "1:eb8832cdc904ff89b70c524ab305bf3384c6411f9df6b9f2a41fddc2220e6613"
  name = "github.com/prometheus/client_golang"
  packages = [
    "prometheus",
    "prometheus/internal",
    "prometheus/promauto",
    "prometheus/promhttp",
  ]
  pruneopts = "UT"
  revision = "170205fb58decfd011f1550d4cfb737230d7ae4f"
  version = "v1.1.0"

[[projects]]
  digest = "1:0db23933b8052702d980a3f029149b3f175f7c0eea0cff85b175017d0f2722c0"
  name = "github.com/prometheus/client_model"
  packages = ["go"]
  pruneopts = "UT"
  revision = "7bc5445566f0fe75b15de23e6b93886e982d7bf9"
  version = "v0.2.0"

[[projects]]
  digest = "1:4407525bde4e6ad9c1f60113d38cbb255d769e0ea506c8cf877db39da7753b3a"
  name = "github.com/prometheus/common"
  packages = [
    "expfmt",
    "internal/bitbucket.org/ww/goautoneg",
    "model",
  ]
  pruneopts = "UT"
  revision = "f39dfa2b000545b3a763b844012958c275a62266"
  version = "v0.13.0"

[[projects]]
  digest = "1:5294a2f530e1e82234a20d85d262fa41e87e07e7717f65974c9162aca26d405b"
  name = "github.com/prometheus/procfs"
  packages = [
    ".",
    "internal/fs",
    "internal/util",
  ]
  pruneopts = "UT"
  revision = "3a900613711866765af641f387dad41b639dbdc4"
  version = "v0.1.3"

[[projects]]
  digest = "1:d0d418e1c02e6fc00259ef09d0d4f5135fc6aedac356ff0a11f4e5ef0c447270"
  name = "github.com/sergi/go-diff"
  packages = ["diffmatchpatch"]
  pruneopts = "UT"
  revision = "58c5cb1602ee9676b5d3590d782bedde80706fcc"
  version = "v1.1.0"

[[projects]]
  digest = "1:e4ed0afd67bf7be353921665cdac50834c867ff1bba153efc0745b755a7f5905"
  name = "github.com/src-d/gcfg"
  packages = [
    ".",
    "scanner",
    "token",
    "types",
  ]
  pruneopts = "UT"
  revision = "1ac3a1ac202429a54835fe8408a92880156b489d"
  version = "v1.4.0"

[[projects]]
  digest = "1:172f94a6b3644a8f9e6b5e5b7fc9fe1e42d424f52a0300b2e7ab1e57db73f85d"
  name = "github.com/xanzy/ssh-agent"
  packages = ["."]
  pruneopts = "UT"
  revision = "6a3e2ff9e7c564f36873c2e36413f634534f1c44"
  version = "v0.2.1"

[[projects]]
  digest = "1:c708d00d1097e62bf4f3a72f239efa7dafc257581421b0b7d3789e1ff5299f30"
  name = "go.uber.org/atomic"
  packages = ["."]
  pruneopts = "UT"
  revision = "40ae6a40a970ef4cdbffa7b24b280e316db8accc"
  version = "v1.5.1"

[[projects]]
  digest = "1:e6d88834deb4e35eb998c74f4d042db6ccecaaf62c0f6d57905852800994af00"
  name = "go.uber.org/multierr"
  packages = ["."]
  pruneopts = "UT"
  revision = "824d08f79702fe5f54aca8400aa0d754318786e7"
  version = "v1.4.0"

[[projects]]
  branch = "master"
  digest = "1:3032e90a153750ea149f68bf081f97ca738f041fba45c41c80737f572ffdf2f4"
  name = "go.uber.org/tools"
  packages = ["update-license"]
  pruneopts = "UT"
  revision = "2cfd321de3ee5d5f8a5fda2521d1703478334d98"

[[projects]]
  digest = "1:052a04ff010ec05c33f12909ec2a90492c9d5582d68f87d3275595d0d1bd0d3b"
  name = "go.uber.org/zap"
  packages = [
    ".",
    "buffer",
    "internal/bufferpool",
    "internal/color",
    "internal/exit",
    "zapcore",
  ]
  pruneopts = "UT"
  revision = "404189cf44aea95b0cd9bddcb0242dd4cf88c510"
  version = "v1.16.0"

[[projects]]
  branch = "master"
  digest = "1:a1c2d9c6a3a4258db2f781d9132f61896ba02b66237840850768248f9f565a81"
  name = "golang.org/x/crypto"
  packages = [
    "blowfish",
    "cast5",
    "chacha20",
    "curve25519",
    "ed25519",
    "ed25519/internal/edwards25519",
    "internal/subtle",
    "openpgp",
    "openpgp/armor",
    "openpgp/elgamal",
    "openpgp/errors",
    "openpgp/packet",
    "openpgp/s2k",
    "pbkdf2",
    "poly1305",
    "ssh",
    "ssh/agent",
    "ssh/internal/bcrypt_pbkdf",
    "ssh/knownhosts",
  ]
  pruneopts = "UT"
  revision = "1d94cc7ab1c630336ab82ccb9c9cda72a875c382"

[[projects]]
  branch = "master"
  digest = "1:802fc3c45ff4507b6e4a5c0c5ea55836242aeac3b8eddfe31d5d80a3cac50731"
  name = "golang.org/x/lint"
  packages = [
    ".",
    "golint",
  ]
  pruneopts = "UT"
  revision = "910be7a94367618fd0fd25eaabbee4fdc0ac7092"

[[projects]]
  branch = "master"
  digest = "1:0304634fa2603fdbcdd163bf349d056b979adc412c7fc46578c7983c8bf74219"
  name = "golang.org/x/net"
  packages = [
    "context",
    "internal/socks",
    "proxy",
  ]
  pruneopts = "UT"
  revision = "16171245cfb220d5317888b716d69c1fb4e7992b"

[[projects]]
  branch = "master"
  digest = "1:6230a973e627f37fd3e45a8148b707abbde94b3aac500a1cdcc139353975a4ce"
  name = "golang.org/x/sys"
  packages = [
    "cpu",
    "unix",
    "windows",
  ]
  pruneopts = "UT"
  revision = "12a6c2dcc1e4cb348b57847c73987099e261714b"

[[projects]]
  branch = "master"
  digest = "1:048c2d9968a02665e815995397497caf0427a29789473b30cd21e209d5652328"
  name = "golang.org/x/tools"
  packages = [
    "go/analysis",
    "go/analysis/passes/inspect",
    "go/ast/astutil",
    "go/ast/inspector",
    "go/buildutil",
    "go/gcexportdata",
    "go/internal/gcimporter",
    "go/internal/packagesdriver",
    "go/packages",
    "go/types/objectpath",
    "go/types/typeutil",
    "internal/packagesinternal",
  ]
  pruneopts = "UT"
  revision = "5916a50871fbb77650a14d484c89ca39f9487118"

[[projects]]
  digest = "1:fd328c5b52e433ea3ffc891bcc4f94469a82bf478558208db2b386aad8a304a1"
  name = "google.golang.org/protobuf"
  packages = [
    "encoding/prototext",
    "encoding/protowire",
    "internal/descfmt",
    "internal/descopts",
    "internal/detrand",
    "internal/encoding/defval",
    "internal/encoding/messageset",
    "internal/encoding/tag",
    "internal/encoding/text",
    "internal/errors",
    "internal/fieldsort",
    "internal/filedesc",
    "internal/filetype",
    "internal/flags",
    "internal/genid",
    "internal/impl",
    "internal/mapsort",
    "internal/pragma",
    "internal/set",
    "internal/strs",
    "internal/version",
    "proto",
    "reflect/protoreflect",
    "reflect/protoregistry",
    "runtime/protoiface",
    "runtime/protoimpl",
    "types/known/anypb",
    "types/known/durationpb",
    "types/known/timestamppb",
  ]
  pruneopts = "UT"
  revision = "3f7a61f89bb6813f89d981d1870ed68da0b3c3f1"
  version = "v1.25.0"

[[projects]]
  digest = "1:32db15a47b5be06a5d40e863ab0ebed107741845fd2d8676121f788284d26923"
  name = "gopkg.in/robfig/cron.v3"
  packages = ["."]
  pruneopts = "UT"
  revision = "ccba498c397bb90a9c84945bbb0f7af2d72b6309"
  version = "v3.0.1"

[[projects]]
  digest = "1:eb27cfcaf8d7e4155224dd0a209f1d0ab19784fef01be142638b78b7b6becd6b"
  name = "gopkg.in/src-d/go-billy.v4"
  packages = [
    ".",
    "helper/chroot",
    "helper/polyfill",
    "osfs",
    "util",
  ]
  pruneopts = "UT"
  revision = "780403cfc1bc95ff4d07e7b26db40a6186c5326e"
  version = "v4.3.2"

[[projects]]
  digest = "1:b2ad0a18676cd4d5b4b180709c1ea34dbabd74b3d7db0cc01e6d287d5f1e3a99"
  name = "gopkg.in/src-d/go-git.v4"
  packages = [
    ".",
    "config",
    "internal/revision",
    "internal/url",
    "plumbing",
    "plumbing/cache",
    "plumbing/filemode",
    "plumbing/format/config",
    "plumbing/format/diff",
    "plumbing/format/gitignore",
    "plumbing/format/idxfile",
    "plumbing/format/index",
    "plumbing/format/objfile",
    "plumbing/format/packfile",
    "plumbing/format/pktline",
    "plumbing/object",
    "plumbing/protocol/packp",
    "plumbing/protocol/packp/capability",
    "plumbing/protocol/packp/sideband",
    "plumbing/revlist",
    "plumbing/storer",
    "plumbing/transport",
    "plumbing/transport/client",
    "plumbing/transport/file",
    "plumbing/transport/git",
    "plumbing/transport/http",
    "plumbing/transport/internal/common",
    "plumbing/transport/server",
    "plumbing/transport/ssh",
    "storage",
    "storage/filesystem",
    "storage/filesystem/dotgit",
    "storage/memory",
    "utils/binary",
    "utils/diff",
    "utils/ioutil",
    "utils/merkletrie",
    "utils/merkletrie/filesystem",
    "utils/merkletrie/index",
    "utils/merkletrie/internal/frame",
    "utils/merkletrie/noder",
  ]
  pruneopts = "UT"
  revision = "0d1a009cbb604db18be960db5f1525b99a55d727"
  version = "v4.13.1"

[[projects]]
  digest = "1:78d374b493e747afa9fbb2119687e3740a7fb8d0ebabddfef0a012593aaecbb3"
  name = "gopkg.in/warnings.v0"
  packages = ["."]
  pruneopts = "UT"
  revision = "ec4a0fea49c7b46c2aeb0b51aac55779c607e52b"
  version = "v0.1.2"

[[projects]]
  digest = "1:131158a88aad1f94854d0aa21a64af2802d0a470fb0f01cb33c04fafd2047111"
  name = "honnef.co/go/tools"
  packages = [
    "arg",
    "cmd/staticcheck",
    "config",
    "deprecated",
    "facts",
    "functions",
    "go/types/typeutil",
    "internal/cache",
    "internal/passes/buildssa",
    "internal/renameio",
    "internal/sharedcheck",
    "lint",
    "lint/lintdsl",
    "lint/lintutil",
    "lint/lintutil/format",
    "loader",
    "printf",
    "simple",
    "ssa",
    "ssautil",
    "staticcheck",
    "staticcheck/vrp",
    "stylecheck",
    "unused",
    "version",
  ]
  pruneopts = "UT"
  revision = "afd67930eec2a9ed3e9b19f684d17a062285f16a"
  version = "2019.2.3"

[[projects]]
  digest = "1:999d566ad1ae4303c456af5a155f7b42401cca4fd33552567ed9dd997b107a08"
  name = "mellium.im/sasl"
  packages = ["."]
  pruneopts = "UT"
  revision = "e58e780e1378aa4df5dc705364ff5ae9a4dd1e04"
  version = "v0.2.1"

[solve-meta]
  analyzer-name = "dep"
  analyzer-version = 1
  input-imports = [
    "github.com/TheZeroSlave/zapsentry",
    "github.com/caarlos0/env",
    "github.com/gammazero/workerpool",
    "github.com/getsentry/sentry-go",
    "github.com/go-pg/pg",
    "github.com/go-pg/pg/orm",
    "github.com/google/wire",
    "github.com/gorilla/handlers",
    "github.com/gorilla/mux",
    "github.com/nats-io/nats.go",
    "github.com/nats-io/stan",
    "github.com/prometheus/client_golang/prometheus",
    "github.com/prometheus/client_golang/prometheus/promauto",
    "github.com/prometheus/client_golang/prometheus/promhttp",
    "go.uber.org/zap",
    "go.uber.org/zap/zapcore",
    "gopkg.in/robfig/cron.v3",
    "gopkg.in/src-d/go-git.v4",
    "gopkg.in/src-d/go-git.v4/plumbing",
    "gopkg.in/src-d/go-git.v4/plumbing/object",
    "gopkg.in/src-d/go-git.v4/plumbing/transport",
    "gopkg.in/src-d/go-git.v4/plumbing/transport/http",
  ]
  solver-name = "gps-cdcl"
  solver-version = 1
